{
  "originHash" : "950b9906e1b173a8c58afc2a1b0d0ce1f8d28d902574f575f5540a6666346a08",
  "pins" : [
    {
      "identity" : "argmax-oss-swift",
      "kind" : "remoteSourceControl",
      "location" : "https://github.com/argmaxinc/argmax-oss-swift",
      "state" : {
        "revision" : "1e2a163736dfa5a198e637ae44c114e1c6d5cc2d",
        "version" : "1.1.0"
      }
    },
    {
      "identity" : "smckit",
      "kind" : "remoteSourceControl",
      "location" : "https://github.com/srimanachanta/SMCKit.git",
      "state" : {
        "revision" : "8286f3b11ad9801405e0be062a07e557fb654019"
      }
    },
    {
      "identity" : "swift-argument-parser",
      "kind" : "remoteSourceControl",
      "location" : "https://github.com/apple/swift-argument-parser.git",
      "state" : {
        "revision" : "ca37474853a4b5f59a22c74bfdd449b1f6bc4cc2",
        "version" : "1.8.1"
      }
    }
  ],
  "version" : 3
}
